{
  "requires": true,
  "lockfileVersion": 1,
  "dependencies": {
    "deep-equal": {
      "version": "0.2.2",
      "resolved": "https://registry.npmjs.org/deep-equal/-/deep-equal-0.2.2.tgz",
      "integrity": "sha1-hLdFiW80xoTpjyzg5Cq69Du6AX0="
    },
    "defined": {
      "version": "0.0.0",
      "resolved": "https://registry.npmjs.org/defined/-/defined-0.0.0.tgz",
      "integrity": "sha1-817qfXBekzuvE7LwOz+D2SFAOz4="
    },
    "glob": {
      "version": "3.2.11",
      "resolved": "https://registry.npmjs.org/glob/-/glob-3.2.11.tgz",
      "integrity": "sha1-Spc/Y1uRkPcV0QmH1cAP0oFevj0=",
      "requires": {
        "inherits": "2.0.3",
        "minimatch": "0.3.0"
      }
    },
    "graceful-fs": {
      "version": "4.1.11",
      "resolved": "https://registry.npmjs.org/graceful-fs/-/graceful-fs-4.1.11.tgz",
      "integrity": "sha1-Dovf5NHduIVNZOBOp8AOKgJuVlg=",
      "optional": true
    },
    "inherits": {
      "version": "2.0.3",
      "resolved": "https://registry.npmjs.org/inherits/-/inherits-2.0.3.tgz",
      "integrity": "sha1-Yzwsg+PaQqUC9SRmAiSA9CCCYd4="
    },
    "jsonfile": {
      "version": "2.4.0",
      "resolved": "https://registry.npmjs.org/jsonfile/-/jsonfile-2.4.0.tgz",
      "integrity": "sha1-NzaitCi4e72gzIO1P6PWM6NcKug=",
      "requires": {
        "graceful-fs": "4.1.11"
      }
    },
    "lodash._baseflatten": {
      "version": "3.1.4",
      "resolved": "https://registry.npmjs.org/lodash._baseflatten/-/lodash._baseflatten-3.1.4.tgz",
      "integrity": "sha1-B3D/gBMa9uNPO1EXlqe6UhTmX/c=",
      "requires": {
        "lodash.isarguments": "3.1.0",
        "lodash.isarray": "3.0.4"
      }
    },
    "lodash._isiterateecall": {
      "version": "3.0.9",
      "resolved": "https://registry.npmjs.org/lodash._isiterateecall/-/lodash._isiterateecall-3.0.9.tgz",
      "integrity": "sha1-UgOte6Ql+uhCRg5pbbnPPmqsBXw="
    },
    "lodash.flatten": {
      "version": "3.0.2",
      "resolved": "https://registry.npmjs.org/lodash.flatten/-/lodash.flatten-3.0.2.tgz",
      "integrity": "sha1-3hz1d1j49EeTGdNcPpzGDEUBk4w=",
      "requires": {
        "lodash._baseflatten": "3.1.4",
        "lodash._isiterateecall": "3.0.9"
      }
    },
    "lodash.isarguments": {
      "version": "3.1.0",
      "resolved": "https://registry.npmjs.org/lodash.isarguments/-/lodash.isarguments-3.1.0.tgz",
      "integrity": "sha1-L1c9hcaiQon/AGY7SRwdM4/zRYo="
    },
    "lodash.isarray": {
      "version": "3.0.4",
      "resolved": "https://registry.npmjs.org/lodash.isarray/-/lodash.isarray-3.0.4.tgz",
      "integrity": "sha1-eeTriMNqgSKvhvhEqpvNhRtfu1U="
    },
    "lru-cache": {
      "version": "2.7.3",
      "resolved": "https://registry.npmjs.org/lru-cache/-/lru-cache-2.7.3.tgz",
      "integrity": "sha1-bUUk6LlV+V1PW1iFHOId1y+06VI="
    },
    "minimatch": {
      "version": "0.3.0",
      "resolved": "https://registry.npmjs.org/minimatch/-/minimatch-0.3.0.tgz",
      "integrity": "sha1-J12O2qxPG7MyZHIInnlJyDlGmd0=",
      "requires": {
        "lru-cache": "2.7.3",
        "sigmund": "1.0.1"
      }
    },
    "object-inspect": {
      "version": "0.4.0",
      "resolved": "https://registry.npmjs.org/object-inspect/-/object-inspect-0.4.0.tgz",
      "integrity": "sha1-9RV8EWwUVbJDsG7pdwM5LFrYn+w="
    },
    "resumer": {
      "version": "0.0.0",
      "resolved": "https://registry.npmjs.org/resumer/-/resumer-0.0.0.tgz",
      "integrity": "sha1-8ej0YeQGS6Oegq883CqMiT0HZ1k=",
      "requires": {
        "through": "2.3.8"
      }
    },
    "seattle-boundaries-data": {
      "version": "5.0.3",
      "resolved": "https://registry.npmjs.org/seattle-boundaries-data/-/seattle-boundaries-data-5.0.3.tgz",
      "integrity": "sha1-QA0UOJf2rwiGg8X6HUSLdxHGsC0=",
      "requires": {
        "jsonfile": "2.4.0",
        "lodash.flatten": "3.0.2",
        "turf": "2.0.2"
      }
    },
    "sigmund": {
      "version": "1.0.1",
      "resolved": "https://registry.npmjs.org/sigmund/-/sigmund-1.0.1.tgz",
      "integrity": "sha1-P/IfGYytIXX587eBhT/ZTQ0ZtZA="
    },
    "tape": {
      "version": "3.6.1",
      "resolved": "https://registry.npmjs.org/tape/-/tape-3.6.1.tgz",
      "integrity": "sha1-SJPdU+KApfWMDOswwsDrs7zVHh8=",
      "requires": {
        "deep-equal": "0.2.2",
        "defined": "0.0.0",
        "glob": "3.2.11",
        "inherits": "2.0.3",
        "object-inspect": "0.4.0",
        "resumer": "0.0.0",
        "through": "2.3.8"
      }
    },
    "through": {
      "version": "2.3.8",
      "resolved": "https://registry.npmjs.org/through/-/through-2.3.8.tgz",
      "integrity": "sha1-DdTJ/6q8NXlgsbckEV1+Doai4fU="
    },
    "turf": {
      "version": "2.0.2",
      "resolved": "http://registry.npmjs.org/turf/-/turf-2.0.2.tgz",
      "integrity": "sha1-EEU0z+CLWIxtE8WjmkcBLPa5mxM=",
      "requires": {
        "turf-aggregate": "1.0.2",
        "turf-along": "1.0.2",
        "turf-area": "1.1.1",
        "turf-average": "1.1.1",
        "turf-bbox-polygon": "1.0.1",
        "turf-bearing": "1.0.1",
        "turf-bezier": "1.0.2",
        "turf-buffer": "1.0.1",
        "turf-center": "1.0.2",
        "turf-centroid": "1.1.2",
        "turf-combine": "1.0.2",
        "turf-concave": "1.1.3",
        "turf-convex": "1.0.1",
        "turf-count": "1.0.2",
        "turf-destination": "1.2.1",
        "turf-deviation": "1.0.1",
        "turf-distance": "1.0.1",
        "turf-envelope": "1.0.2",
        "turf-erase": "1.3.1",
        "turf-explode": "1.0.1",
        "turf-extent": "1.0.4",
        "turf-featurecollection": "1.0.1",
        "turf-filter": "1.0.1",
        "turf-flip": "1.0.3",
        "turf-hex-grid": "2.0.1",
        "turf-inside": "1.1.4",
        "turf-intersect": "1.4.1",
        "turf-isolines": "1.0.2",
        "turf-jenks": "1.0.1",
        "turf-kinks": "1.3.1",
        "turf-line-distance": "1.0.2",
        "turf-line-slice": "1.3.4",
        "turf-linestring": "1.0.2",
        "turf-max": "1.0.1",
        "turf-median": "1.0.2",
        "turf-merge": "1.0.2",
        "turf-midpoint": "1.0.1",
        "turf-min": "1.0.1",
        "turf-nearest": "1.0.2",
        "turf-planepoint": "1.0.1",
        "turf-point": "2.0.1",
        "turf-point-grid": "2.0.0",
        "turf-point-on-line": "1.0.2",
        "turf-point-on-surface": "1.1.1",
        "turf-polygon": "1.0.3",
        "turf-quantile": "1.0.1",
        "turf-random": "1.0.2",
        "turf-reclass": "1.0.1",
        "turf-remove": "1.0.1",
        "turf-sample": "1.0.1",
        "turf-simplify": "1.0.3",
        "turf-size": "1.1.1",
        "turf-square": "1.0.1",
        "turf-square-grid": "1.0.1",
        "turf-sum": "1.0.1",
        "turf-tag": "1.0.1",
        "turf-tin": "1.0.6",
        "turf-triangle-grid": "1.0.1",
        "turf-union": "1.0.1",
        "turf-variance": "1.0.1",
        "turf-within": "1.0.1"
      },
      "dependencies": {
        "turf-aggregate": {
          "version": "1.0.2",
          "resolved": "https://registry.npmjs.org/turf-aggregate/-/turf-aggregate-1.0.2.tgz",
          "integrity": "sha1-S34DDvF0u8gkA49VNC9S6g36nCc=",
          "requires": {
            "turf-average": "1.1.1",
            "turf-count": "1.0.2",
            "turf-deviation": "1.0.1",
            "turf-max": "1.0.1",
            "turf-median": "1.0.2",
            "turf-min": "1.0.1",
            "turf-sum": "1.0.1",
            "turf-variance": "1.0.1"
          }
        },
        "turf-along": {
          "version": "1.0.2",
          "resolved": "https://registry.npmjs.org/turf-along/-/turf-along-1.0.2.tgz",
          "integrity": "sha1-qvrNuoNM27dDj5dA2QhebUXDRNU=",
          "requires": {
            "turf-bearing": "1.0.1",
            "turf-destination": "1.2.1",
            "turf-distance": "1.0.1",
            "turf-point": "2.0.1"
          }
        },
        "turf-area": {
          "version": "1.1.1",
          "resolved": "https://registry.npmjs.org/turf-area/-/turf-area-1.1.1.tgz",
          "integrity": "sha1-yG6jEn2D6idigffatTwCCb6cGlw=",
          "requires": {
            "geojson-area": "0.2.0"
          },
          "dependencies": {
            "geojson-area": {
              "version": "0.2.0",
              "resolved": "https://registry.npmjs.org/geojson-area/-/geojson-area-0.2.0.tgz",
              "integrity": "sha1-kDh6D7QFDNodWcn4tFAM8aQVM5I=",
              "requires": {
                "wgs84": "0.0.0"
              },
              "dependencies": {
                "wgs84": {
                  "version": "0.0.0",
                  "resolved": "https://registry.npmjs.org/wgs84/-/wgs84-0.0.0.tgz",
                  "integrity": "sha1-NP3FVZF7blfPKigu0ENxDASc3HY="
                }
              }
            }
          }
        },
        "turf-average": {
          "version": "1.1.1",
          "resolved": "https://registry.npmjs.org/turf-average/-/turf-average-1.1.1.tgz",
          "integrity": "sha1-xHMKFQLfOEAifumV51BelDmMQdU=",
          "requires": {
            "turf-inside": "1.1.4"
          }
        },
        "turf-bbox-polygon": {
          "version": "1.0.1",
          "resolved": "https://registry.npmjs.org/turf-bbox-polygon/-/turf-bbox-polygon-1.0.1.tgz",
          "integrity": "sha1-XXNIaFFu1OZ7fZ+s+XyVYZEeW8k=",
          "requires": {
            "turf-polygon": "1.0.3"
          }
        },
        "turf-bearing": {
          "version": "1.0.1",
          "resolved": "https://registry.npmjs.org/turf-bearing/-/turf-bearing-1.0.1.tgz",
          "integrity": "sha1-oXOLgslfw72dBX4wPhPUStSmPds="
        },
        "turf-bezier": {
          "version": "1.0.2",
          "resolved": "https://registry.npmjs.org/turf-bezier/-/turf-bezier-1.0.2.tgz",
          "integrity": "sha1-AusOocIONNCL6YfPnd4KjJKFAUw=",
          "requires": {
            "turf-linestring": "1.0.2"
          }
        },
        "turf-buffer": {
          "version": "1.0.1",
          "resolved": "https://registry.npmjs.org/turf-buffer/-/turf-buffer-1.0.1.tgz",
          "integrity": "sha1-Sf0SyYU+KD8DoHgk7I7t7M4ncAc=",
          "requires": {
            "jsts": "0.15.0",
            "turf-combine": "1.0.2",
            "turf-featurecollection": "1.0.1",
            "turf-polygon": "1.0.3"
          },
          "dependencies": {
            "jsts": {
              "version": "0.15.0",
              "resolved": "https://registry.npmjs.org/jsts/-/jsts-0.15.0.tgz",
              "integrity": "sha1-5vHbbJ82Iw0AhrsmpNO+ilnqk2w=",
              "requires": {
                "javascript.util": "https://registry.npmjs.org/javascript.util/-/javascript.util-0.12.5.tgz"
              },
              "dependencies": {
                "javascript.util": {
                  "version": "https://registry.npmjs.org/javascript.util/-/javascript.util-0.12.5.tgz",
                  "integrity": "sha512-YPKbJJyf9bhetj+S0OSzNQP9OHAvdYinbokfJEQYsmDytIW1NcFnwRKIg880UpBynJugGoToC53yuX3QkaQsIA=="
                }
              }
            }
          }
        },
        "turf-center": {
          "version": "1.0.2",
          "resolved": "https://registry.npmjs.org/turf-center/-/turf-center-1.0.2.tgz",
          "integrity": "sha1-TZNDFR9XavGHc++lnUiC6Jm195Q=",
          "requires": {
            "turf-extent": "1.0.4",
            "turf-point": "2.0.1"
          }
        },
        "turf-centroid": {
          "version": "1.1.2",
          "resolved": "https://registry.npmjs.org/turf-centroid/-/turf-centroid-1.1.2.tgz",
          "integrity": "sha1-KvLMUEjI/iheaiyxjdK+4aPkZRM=",
          "requires": {
            "turf-meta": "1.0.2",
            "turf-point": "2.0.1"
          },
          "dependencies": {
            "turf-meta": {
              "version": "1.0.2",
              "resolved": "https://registry.npmjs.org/turf-meta/-/turf-meta-1.0.2.tgz",
              "integrity": "sha1-dNTElZOOskdypwsxoVfuPU/Wuhs="
            }
          }
        },
        "turf-combine": {
          "version": "1.0.2",
          "resolved": "https://registry.npmjs.org/turf-combine/-/turf-combine-1.0.2.tgz",
          "integrity": "sha1-qFOeAELrCP+5/yicKTV1SbNveuk="
        },
        "turf-concave": {
          "version": "1.1.3",
          "resolved": "https://registry.npmjs.org/turf-concave/-/turf-concave-1.1.3.tgz",
          "integrity": "sha1-g9mjuO8FhFyCKAyGrvPJvcqZ/wQ=",
          "requires": {
            "turf-distance": "1.0.1",
            "turf-merge": "1.0.2",
            "turf-point": "2.0.1",
            "turf-tin": "1.0.6"
          }
        },
        "turf-convex": {
          "version": "1.0.1",
          "resolved": "https://registry.npmjs.org/turf-convex/-/turf-convex-1.0.1.tgz",
          "integrity": "sha1-si58BLUjhLYkZJISPDQzL6Zgk7A=",
          "requires": {
            "convex-hull": "1.0.3",
            "turf-meta": "1.0.2",
            "turf-polygon": "1.0.3"
          },
          "dependencies": {
            "convex-hull": {
              "version": "1.0.3",
              "resolved": "https://registry.npmjs.org/convex-hull/-/convex-hull-1.0.3.tgz",
              "integrity": "sha1-IKOqbOh/St6i/30XlxyfwcZ+H/8=",
              "requires": {
                "affine-hull": "1.0.0",
                "incremental-convex-hull": "1.0.1",
                "monotone-convex-hull-2d": "1.0.1"
              },
              "dependencies": {
                "affine-hull": {
                  "version": "1.0.0",
                  "resolved": "https://registry.npmjs.org/affine-hull/-/affine-hull-1.0.0.tgz",
                  "integrity": "sha1-dj/x040GPOt+Jy8X7k17vK+QXF0=",
                  "requires": {
                    "robust-orientation": "1.1.3"
                  },
                  "dependencies": {
                    "robust-orientation": {
                      "version": "1.1.3",
                      "resolved": "https://registry.npmjs.org/robust-orientation/-/robust-orientation-1.1.3.tgz",
                      "integrity": "sha1-2v9bANO+TmByLw6cAVbvln8cIEk=",
                      "requires": {
                        "robust-scale": "1.0.2",
                        "robust-subtract": "1.0.0",
                        "robust-sum": "1.0.0",
                        "two-product": "1.0.2"
                      },
                      "dependencies": {
                        "robust-scale": {
                          "version": "1.0.2",
                          "resolved": "https://registry.npmjs.org/robust-scale/-/robust-scale-1.0.2.tgz",
                          "integrity": "sha1-d1Ey7QlULQKOWLLMecBikLz3jDI=",
                          "requires": {
                            "two-product": "1.0.2",
                            "two-sum": "1.0.0"
                          },
                          "dependencies": {
                            "two-sum": {
                              "version": "1.0.0",
                              "resolved": "https://registry.npmjs.org/two-sum/-/two-sum-1.0.0.tgz",
                              "integrity": "sha1-MdPzIjnk9zHsqd+RVeKyl/AIq2Q="
                            }
                          }
                        },
                        "robust-subtract": {
                          "version": "1.0.0",
                          "resolved": "https://registry.npmjs.org/robust-subtract/-/robust-subtract-1.0.0.tgz",
                          "integrity": "sha1-4LFk4e2LpOOl3aRaEgODSNvtPpo="
                        },
                        "robust-sum": {
                          "version": "1.0.0",
                          "resolved": "https://registry.npmjs.org/robust-sum/-/robust-sum-1.0.0.tgz",
                          "integrity": "sha1-FmRuUlKStNJdgnV6KGlV4Lv6U9k="
                        },
                        "two-product": {
                          "version": "1.0.2",
                          "resolved": "https://registry.npmjs.org/two-product/-/two-product-1.0.2.tgz",
                          "integrity": "sha1-Z9ldSyV6kh4stL16+VEfkIhSLqo="
                        }
                      }
                    }
                  }
                },
                "incremental-convex-hull": {
                  "version": "1.0.1",
                  "resolved": "https://registry.npmjs.org/incremental-convex-hull/-/incremental-convex-hull-1.0.1.tgz",
                  "integrity": "sha1-UUKMFMudmmFEv+abKFH7N3M0vh4=",
                  "requires": {
                    "robust-orientation": "1.1.3",
                    "simplicial-complex": "1.0.0"
                  },
                  "dependencies": {
                    "robust-orientation": {
                      "version": "1.1.3",
                      "resolved": "https://registry.npmjs.org/robust-orientation/-/robust-orientation-1.1.3.tgz",
                      "integrity": "sha1-2v9bANO+TmByLw6cAVbvln8cIEk=",
                      "requires": {
                        "robust-scale": "1.0.2",
                        "robust-subtract": "1.0.0",
                        "robust-sum": "1.0.0",
                        "two-product": "1.0.2"
                      },
                      "dependencies": {
                        "robust-scale": {
                          "version": "1.0.2",
                          "resolved": "https://registry.npmjs.org/robust-scale/-/robust-scale-1.0.2.tgz",
                          "integrity": "sha1-d1Ey7QlULQKOWLLMecBikLz3jDI=",
                          "requires": {
                            "two-product": "1.0.2",
                            "two-sum": "1.0.0"
                          },
                          "dependencies": {
                            "two-sum": {
                              "version": "1.0.0",
                              "resolved": "https://registry.npmjs.org/two-sum/-/two-sum-1.0.0.tgz",
                              "integrity": "sha1-MdPzIjnk9zHsqd+RVeKyl/AIq2Q="
                            }
                          }
                        },
                        "robust-subtract": {
                          "version": "1.0.0",
                          "resolved": "https://registry.npmjs.org/robust-subtract/-/robust-subtract-1.0.0.tgz",
                          "integrity": "sha1-4LFk4e2LpOOl3aRaEgODSNvtPpo="
                        },
                        "robust-sum": {
                          "version": "1.0.0",
                          "resolved": "https://registry.npmjs.org/robust-sum/-/robust-sum-1.0.0.tgz",
                          "integrity": "sha1-FmRuUlKStNJdgnV6KGlV4Lv6U9k="
                        },
                        "two-product": {
                          "version": "1.0.2",
                          "resolved": "https://registry.npmjs.org/two-product/-/two-product-1.0.2.tgz",
                          "integrity": "sha1-Z9ldSyV6kh4stL16+VEfkIhSLqo="
                        }
                      }
                    },
                    "simplicial-complex": {
                      "version": "1.0.0",
                      "resolved": "https://registry.npmjs.org/simplicial-complex/-/simplicial-complex-1.0.0.tgz",
                      "integrity": "sha1-bDOk7Wn81Nkbe8rdOzC2NoPq4kE=",
                      "requires": {
                        "bit-twiddle": "1.0.2",
                        "union-find": "1.0.2"
                      },
                      "dependencies": {
                        "bit-twiddle": {
                          "version": "1.0.2",
                          "resolved": "https://registry.npmjs.org/bit-twiddle/-/bit-twiddle-1.0.2.tgz",
                          "integrity": "sha1-DGwfq+KyPRcXPZpht7cJPrnhdp4="
                        },
                        "union-find": {
                          "version": "1.0.2",
                          "resolved": "https://registry.npmjs.org/union-find/-/union-find-1.0.2.tgz",
                          "integrity": "sha1-KSusQV5q06iVNdI3AQ20pTYoTlg="
                        }
                      }
                    }
                  }
                },
                "monotone-convex-hull-2d": {
                  "version": "1.0.1",
                  "resolved": "https://registry.npmjs.org/monotone-convex-hull-2d/-/monotone-convex-hull-2d-1.0.1.tgz",
                  "integrity": "sha1-R/Xa6t88Sv03dkuqGqh4ekDu4Iw=",
                  "requires": {
                    "robust-orientation": "1.1.3"
                  },
                  "dependencies": {
                    "robust-orientation": {
                      "version": "1.1.3",
                      "resolved": "https://registry.npmjs.org/robust-orientation/-/robust-orientation-1.1.3.tgz",
                      "integrity": "sha1-2v9bANO+TmByLw6cAVbvln8cIEk=",
                      "requires": {
                        "robust-scale": "1.0.2",
                        "robust-subtract": "1.0.0",
                        "robust-sum": "1.0.0",
                        "two-product": "1.0.2"
                      },
                      "dependencies": {
                        "robust-scale": {
                          "version": "1.0.2",
                          "resolved": "https://registry.npmjs.org/robust-scale/-/robust-scale-1.0.2.tgz",
                          "integrity": "sha1-d1Ey7QlULQKOWLLMecBikLz3jDI=",
                          "requires": {
                            "two-product": "1.0.2",
                            "two-sum": "1.0.0"
                          },
                          "dependencies": {
                            "two-sum": {
                              "version": "1.0.0",
                              "resolved": "https://registry.npmjs.org/two-sum/-/two-sum-1.0.0.tgz",
                              "integrity": "sha1-MdPzIjnk9zHsqd+RVeKyl/AIq2Q="
                            }
                          }
                        },
                        "robust-subtract": {
                          "version": "1.0.0",
                          "resolved": "https://registry.npmjs.org/robust-subtract/-/robust-subtract-1.0.0.tgz",
                          "integrity": "sha1-4LFk4e2LpOOl3aRaEgODSNvtPpo="
                        },
                        "robust-sum": {
                          "version": "1.0.0",
                          "resolved": "https://registry.npmjs.org/robust-sum/-/robust-sum-1.0.0.tgz",
                          "integrity": "sha1-FmRuUlKStNJdgnV6KGlV4Lv6U9k="
                        },
                        "two-product": {
                          "version": "1.0.2",
                          "resolved": "https://registry.npmjs.org/two-product/-/two-product-1.0.2.tgz",
                          "integrity": "sha1-Z9ldSyV6kh4stL16+VEfkIhSLqo="
                        }
                      }
                    }
                  }
                }
              }
            },
            "turf-meta": {
              "version": "1.0.2",
              "resolved": "https://registry.npmjs.org/turf-meta/-/turf-meta-1.0.2.tgz",
              "integrity": "sha1-dNTElZOOskdypwsxoVfuPU/Wuhs="
            }
          }
        },
        "turf-count": {
          "version": "1.0.2",
          "resolved": "https://registry.npmjs.org/turf-count/-/turf-count-1.0.2.tgz",
          "integrity": "sha1-iaFWaFvaBY3Gttgxf8gy3TF2BkQ=",
          "requires": {
            "turf-inside": "1.1.4"
          }
        },
        "turf-destination": {
          "version": "1.2.1",
          "resolved": "https://registry.npmjs.org/turf-destination/-/turf-destination-1.2.1.tgz",
          "integrity": "sha1-UayX6/A7kxeRWGKNThoemfffbs4=",
          "requires": {
            "turf-point": "2.0.1"
          }
        },
        "turf-deviation": {
          "version": "1.0.1",
          "resolved": "https://registry.npmjs.org/turf-deviation/-/turf-deviation-1.0.1.tgz",
          "integrity": "sha1-gPHDvL5dbtAfpYJ1GROcRVjJGw8=",
          "requires": {
            "simple-statistics": "0.9.1",
            "turf-inside": "1.1.4"
          },
          "dependencies": {
            "simple-statistics": {
              "version": "0.9.1",
              "resolved": "https://registry.npmjs.org/simple-statistics/-/simple-statistics-0.9.1.tgz",
              "integrity": "sha1-CUU7tbKF+TalnDETHoDYV0BFvgM="
            }
          }
        },
        "turf-distance": {
          "version": "1.0.1",
          "resolved": "https://registry.npmjs.org/turf-distance/-/turf-distance-1.0.1.tgz",
          "integrity": "sha1-3loplcoNmLjjvbYLRBm0RCMQxzk=",
          "requires": {
            "turf-invariant": "1.0.3"
          },
          "dependencies": {
            "turf-invariant": {
              "version": "1.0.3",
              "resolved": "https://registry.npmjs.org/turf-invariant/-/turf-invariant-1.0.3.tgz",
              "integrity": "sha1-VVtHuIZPeDOTEMjgJwyuh1lPyLA="
            }
          }
        },
        "turf-envelope": {
          "version": "1.0.2",
          "resolved": "https://registry.npmjs.org/turf-envelope/-/turf-envelope-1.0.2.tgz",
          "integrity": "sha1-a5ab3PZ+VTyV8wIHHmtLXxEsAAg=",
          "requires": {
            "turf-bbox-polygon": "1.0.1",
            "turf-extent": "1.0.4"
          }
        },
        "turf-erase": {
          "version": "1.3.1",
          "resolved": "https://registry.npmjs.org/turf-erase/-/turf-erase-1.3.1.tgz",
          "integrity": "sha1-ERggg6ppbVpiuUrwy8e/xJne/cg=",
          "requires": {
            "jsts": "0.15.0",
            "turf-featurecollection": "1.0.1"
          },
          "dependencies": {
            "jsts": {
              "version": "0.15.0",
              "resolved": "https://registry.npmjs.org/jsts/-/jsts-0.15.0.tgz",
              "integrity": "sha1-5vHbbJ82Iw0AhrsmpNO+ilnqk2w=",
              "requires": {
                "javascript.util": "https://registry.npmjs.org/javascript.util/-/javascript.util-0.12.5.tgz"
              },
              "dependencies": {
                "javascript.util": {
                  "version": "https://registry.npmjs.org/javascript.util/-/javascript.util-0.12.5.tgz",
                  "integrity": "sha512-YPKbJJyf9bhetj+S0OSzNQP9OHAvdYinbokfJEQYsmDytIW1NcFnwRKIg880UpBynJugGoToC53yuX3QkaQsIA=="
                }
              }
            }
          }
        },
        "turf-explode": {
          "version": "1.0.1",
          "resolved": "https://registry.npmjs.org/turf-explode/-/turf-explode-1.0.1.tgz",
          "integrity": "sha1-4RQ0mMocKiEb/azm+R/+Lk1HWfM=",
          "requires": {
            "turf-featurecollection": "1.0.1",
            "turf-meta": "1.0.2",
            "turf-point": "2.0.1"
          },
          "dependencies": {
            "turf-meta": {
              "version": "1.0.2",
              "resolved": "https://registry.npmjs.org/turf-meta/-/turf-meta-1.0.2.tgz",
              "integrity": "sha1-dNTElZOOskdypwsxoVfuPU/Wuhs="
            }
          }
        },
        "turf-extent": {
          "version": "1.0.4",
          "resolved": "https://registry.npmjs.org/turf-extent/-/turf-extent-1.0.4.tgz",
          "integrity": "sha1-nyjOEa+RatqIhioGIHRli6P+DwE=",
          "requires": {
            "turf-meta": "1.0.2"
          },
          "dependencies": {
            "turf-meta": {
              "version": "1.0.2",
              "resolved": "https://registry.npmjs.org/turf-meta/-/turf-meta-1.0.2.tgz",
              "integrity": "sha1-dNTElZOOskdypwsxoVfuPU/Wuhs="
            }
          }
        },
        "turf-featurecollection": {
          "version": "1.0.1",
          "resolved": "https://registry.npmjs.org/turf-featurecollection/-/turf-featurecollection-1.0.1.tgz",
          "integrity": "sha1-7M0c+RJBdr/G2xl8u0XW3lX3JMU="
        },
        "turf-filter": {
          "version": "1.0.1",
          "resolved": "https://registry.npmjs.org/turf-filter/-/turf-filter-1.0.1.tgz",
          "integrity": "sha1-lzmAT0mYfmn11DLJFzaVP4//4F4=",
          "requires": {
            "turf-featurecollection": "1.0.1"
          }
        },
        "turf-flip": {
          "version": "1.0.3",
          "resolved": "https://registry.npmjs.org/turf-flip/-/turf-flip-1.0.3.tgz",
          "integrity": "sha1-SOLh88A3S5IWEqJdLPf4YZBked8="
        },
        "turf-hex-grid": {
          "version": "2.0.1",
          "resolved": "https://registry.npmjs.org/turf-hex-grid/-/turf-hex-grid-2.0.1.tgz",
          "integrity": "sha1-578M/BVBCcOE2AndGatreEYNphU=",
          "requires": {
            "turf-distance": "1.0.1",
            "turf-featurecollection": "1.0.1",
            "turf-point": "2.0.1",
            "turf-polygon": "1.0.3"
          }
        },
        "turf-inside": {
          "version": "1.1.4",
          "resolved": "https://registry.npmjs.org/turf-inside/-/turf-inside-1.1.4.tgz",
          "integrity": "sha1-mpgL0RNZXASCZFnKat/9qnlVP7E=",
          "requires": {
            "minimist": "1.1.1"
          },
          "dependencies": {
            "minimist": {
              "version": "1.1.1",
              "resolved": "https://registry.npmjs.org/minimist/-/minimist-1.1.1.tgz",
              "integrity": "sha1-G8K8cWWM3KVxJHVoQ2NhWwtPaVs="
            }
          }
        },
        "turf-intersect": {
          "version": "1.4.1",
          "resolved": "https://registry.npmjs.org/turf-intersect/-/turf-intersect-1.4.1.tgz",
          "integrity": "sha1-ZE46XuzXT96iQBHw0ENQEmGUwRc=",
          "requires": {
            "jsts": "0.15.0",
            "turf-featurecollection": "1.0.1"
          },
          "dependencies": {
            "jsts": {
              "version": "0.15.0",
              "resolved": "https://registry.npmjs.org/jsts/-/jsts-0.15.0.tgz",
              "integrity": "sha1-5vHbbJ82Iw0AhrsmpNO+ilnqk2w=",
              "requires": {
                "javascript.util": "https://registry.npmjs.org/javascript.util/-/javascript.util-0.12.5.tgz"
              },
              "dependencies": {
                "javascript.util": {
                  "version": "https://registry.npmjs.org/javascript.util/-/javascript.util-0.12.5.tgz",
                  "integrity": "sha512-YPKbJJyf9bhetj+S0OSzNQP9OHAvdYinbokfJEQYsmDytIW1NcFnwRKIg880UpBynJugGoToC53yuX3QkaQsIA=="
                }
              }
            }
          }
        },
        "turf-isolines": {
          "version": "1.0.2",
          "resolved": "https://registry.npmjs.org/turf-isolines/-/turf-isolines-1.0.2.tgz",
          "integrity": "sha1-e2mIeKGIw73AuTlg+YZnPS7c7c8=",
          "requires": {
            "turf-extent": "1.0.4",
            "turf-featurecollection": "1.0.1",
            "turf-grid": "1.0.1",
            "turf-inside": "1.1.4",
            "turf-linestring": "1.0.2",
            "turf-planepoint": "1.0.1",
            "turf-square": "1.0.1",
            "turf-tin": "1.0.6"
          },
          "dependencies": {
            "turf-grid": {
              "version": "1.0.1",
              "resolved": "https://registry.npmjs.org/turf-grid/-/turf-grid-1.0.1.tgz",
              "integrity": "sha1-uQSrxWS5ObYnpmrBXrFuBTgpuA8=",
              "requires": {
                "turf-point": "2.0.1"
              }
            }
          }
        },
        "turf-jenks": {
          "version": "1.0.1",
          "resolved": "https://registry.npmjs.org/turf-jenks/-/turf-jenks-1.0.1.tgz",
          "integrity": "sha1-XHKuoTpxbv8vACOnLPpUmgAgLX8=",
          "requires": {
            "simple-statistics": "0.9.1"
          },
          "dependencies": {
            "simple-statistics": {
              "version": "0.9.1",
              "resolved": "https://registry.npmjs.org/simple-statistics/-/simple-statistics-0.9.1.tgz",
              "integrity": "sha1-CUU7tbKF+TalnDETHoDYV0BFvgM="
            }
          }
        },
        "turf-kinks": {
          "version": "1.3.1",
          "resolved": "https://registry.npmjs.org/turf-kinks/-/turf-kinks-1.3.1.tgz",
          "integrity": "sha1-4X9SGsN2n7m6LZj+rDhJN4lwhkw=",
          "requires": {
            "turf-featurecollection": "1.0.1",
            "turf-point": "2.0.1",
            "turf-polygon": "1.0.3"
          }
        },
        "turf-line-distance": {
          "version": "1.0.2",
          "resolved": "https://registry.npmjs.org/turf-line-distance/-/turf-line-distance-1.0.2.tgz",
          "integrity": "sha1-kMfsxE8Q42Q8pwj1NA5HcdyFnzo=",
          "requires": {
            "turf-distance": "1.0.1",
            "turf-point": "2.0.1"
          }
        },
        "turf-line-slice": {
          "version": "1.3.4",
          "resolved": "https://registry.npmjs.org/turf-line-slice/-/turf-line-slice-1.3.4.tgz",
          "integrity": "sha1-VvQUqqMpJEuaXlyDKBBd8rQOiac=",
          "requires": {
            "turf-bearing": "1.0.1",
            "turf-destination": "1.2.1",
            "turf-distance": "1.0.1",
            "turf-linestring": "1.0.2",
            "turf-point": "2.0.1"
          }
        },
        "turf-linestring": {
          "version": "1.0.2",
          "resolved": "https://registry.npmjs.org/turf-linestring/-/turf-linestring-1.0.2.tgz",
          "integrity": "sha1-YEpjp8VMk0arnznyc7u37OBaMJY="
        },
        "turf-max": {
          "version": "1.0.1",
          "resolved": "https://registry.npmjs.org/turf-max/-/turf-max-1.0.1.tgz",
          "integrity": "sha1-UdUcjZBJMj8t5HjOI+aQiP28Tf4=",
          "requires": {
            "turf-inside": "1.1.4"
          }
        },
        "turf-median": {
          "version": "1.0.2",
          "resolved": "https://registry.npmjs.org/turf-median/-/turf-median-1.0.2.tgz",
          "integrity": "sha1-HyRAx7uB1Hz3AkIej8tBt/BpvIU=",
          "requires": {
            "turf-inside": "1.1.4"
          }
        },
        "turf-merge": {
          "version": "1.0.2",
          "resolved": "https://registry.npmjs.org/turf-merge/-/turf-merge-1.0.2.tgz",
          "integrity": "sha1-pdxUJuE6R53MpcpRDwEGyYp2+Pk=",
          "requires": {
            "clone": "0.2.0",
            "turf-union": "1.0.1"
          },
          "dependencies": {
            "clone": {
              "version": "0.2.0",
              "resolved": "https://registry.npmjs.org/clone/-/clone-0.2.0.tgz",
              "integrity": "sha1-xhJqkK1Pctv1rNskPMN3JP6T/B8="
            }
          }
        },
        "turf-midpoint": {
          "version": "1.0.1",
          "resolved": "https://registry.npmjs.org/turf-midpoint/-/turf-midpoint-1.0.1.tgz",
          "integrity": "sha1-4THKW5e1qzWVvEUdKYt7pyxNYps=",
          "requires": {
            "turf-point": "2.0.1"
          }
        },
        "turf-min": {
          "version": "1.0.1",
          "resolved": "https://registry.npmjs.org/turf-min/-/turf-min-1.0.1.tgz",
          "integrity": "sha1-T1pPfpUfQNT48LpEKvWomPEy7yc=",
          "requires": {
            "turf-inside": "1.1.4"
          }
        },
        "turf-nearest": {
          "version": "1.0.2",
          "resolved": "https://registry.npmjs.org/turf-nearest/-/turf-nearest-1.0.2.tgz",
          "integrity": "sha1-OGswGGPFqCTRiZHXHC7QlIc/lFM=",
          "requires": {
            "turf-distance": "1.0.1"
          }
        },
        "turf-planepoint": {
          "version": "1.0.1",
          "resolved": "https://registry.npmjs.org/turf-planepoint/-/turf-planepoint-1.0.1.tgz",
          "integrity": "sha1-BjtSEolVTtSA3lVZ/E9tHX4SqRg="
        },
        "turf-point": {
          "version": "2.0.1",
          "resolved": "https://registry.npmjs.org/turf-point/-/turf-point-2.0.1.tgz",
          "integrity": "sha1-otzDCi0g9Ez1xicd97riwOIUYGk=",
          "requires": {
            "minimist": "1.1.1"
          },
          "dependencies": {
            "minimist": {
              "version": "1.1.1",
              "resolved": "https://registry.npmjs.org/minimist/-/minimist-1.1.1.tgz",
              "integrity": "sha1-G8K8cWWM3KVxJHVoQ2NhWwtPaVs="
            }
          }
        },
        "turf-point-grid": {
          "version": "2.0.0",
          "resolved": "https://registry.npmjs.org/turf-point-grid/-/turf-point-grid-2.0.0.tgz",
          "integrity": "sha1-eZfvSpiQ1w7QGGHwSeNcD+fUecI=",
          "requires": {
            "turf-distance": "1.0.1",
            "turf-featurecollection": "1.0.1",
            "turf-point": "2.0.1"
          }
        },
        "turf-point-on-line": {
          "version": "1.0.2",
          "resolved": "https://registry.npmjs.org/turf-point-on-line/-/turf-point-on-line-1.0.2.tgz",
          "integrity": "sha1-9wnVGkixmPbv1mKZAzI9SP3qIyY=",
          "requires": {
            "turf-bearing": "1.0.1",
            "turf-destination": "1.2.1",
            "turf-distance": "1.0.1",
            "turf-linestring": "1.0.2",
            "turf-point": "2.0.1"
          }
        },
        "turf-point-on-surface": {
          "version": "1.1.1",
          "resolved": "https://registry.npmjs.org/turf-point-on-surface/-/turf-point-on-surface-1.1.1.tgz",
          "integrity": "sha1-AvON2GBkx3vuKl3yXx7nNc+cbGQ=",
          "requires": {
            "turf-center": "1.0.2",
            "turf-distance": "1.0.1",
            "turf-explode": "1.0.1",
            "turf-featurecollection": "1.0.1",
            "turf-inside": "1.1.4"
          }
        },
        "turf-polygon": {
          "version": "1.0.3",
          "resolved": "https://registry.npmjs.org/turf-polygon/-/turf-polygon-1.0.3.tgz",
          "integrity": "sha1-Zx3TSEmGRQkoGvGOI29np0SMY2M="
        },
        "turf-quantile": {
          "version": "1.0.1",
          "resolved": "https://registry.npmjs.org/turf-quantile/-/turf-quantile-1.0.1.tgz",
          "integrity": "sha1-AHvVA0oJ3sgMha5GdToexxuvjXE=",
          "requires": {
            "simple-statistics": "0.9.1"
          },
          "dependencies": {
            "simple-statistics": {
              "version": "0.9.1",
              "resolved": "https://registry.npmjs.org/simple-statistics/-/simple-statistics-0.9.1.tgz",
              "integrity": "sha1-CUU7tbKF+TalnDETHoDYV0BFvgM="
            }
          }
        },
        "turf-random": {
          "version": "1.0.2",
          "resolved": "https://registry.npmjs.org/turf-random/-/turf-random-1.0.2.tgz",
          "integrity": "sha1-OYYyCCCG62K1b3jmZ3dnX1cgwmM=",
          "requires": {
            "geojson-random": "0.2.2"
          },
          "dependencies": {
            "geojson-random": {
              "version": "0.2.2",
              "resolved": "https://registry.npmjs.org/geojson-random/-/geojson-random-0.2.2.tgz",
              "integrity": "sha1-q0g48SatxeFvj5TmVd74IPkRnbw="
            }
          }
        },
        "turf-reclass": {
          "version": "1.0.1",
          "resolved": "https://registry.npmjs.org/turf-reclass/-/turf-reclass-1.0.1.tgz",
          "integrity": "sha1-uFrkdEgameKuUAOqBkLsFRjgdP0=",
          "requires": {
            "turf-featurecollection": "1.0.1"
          }
        },
        "turf-remove": {
          "version": "1.0.1",
          "resolved": "https://registry.npmjs.org/turf-remove/-/turf-remove-1.0.1.tgz",
          "integrity": "sha1-lGRPPMEvIJ7x8lXLfTvzO5wqFh4=",
          "requires": {
            "turf-featurecollection": "1.0.1"
          }
        },
        "turf-sample": {
          "version": "1.0.1",
          "resolved": "https://registry.npmjs.org/turf-sample/-/turf-sample-1.0.1.tgz",
          "integrity": "sha1-AyI0N+UsJGpmmorgJFOTbVnSH1Y=",
          "requires": {
            "turf-featurecollection": "1.0.1"
          }
        },
        "turf-simplify": {
          "version": "1.0.3",
          "resolved": "https://registry.npmjs.org/turf-simplify/-/turf-simplify-1.0.3.tgz",
          "integrity": "sha1-ieyuNqbmaNJnHSEf9/f2NE1tbik=",
          "requires": {
            "simplify-js": "1.2.1"
          },
          "dependencies": {
            "simplify-js": {
              "version": "1.2.1",
              "resolved": "https://registry.npmjs.org/simplify-js/-/simplify-js-1.2.1.tgz",
              "integrity": "sha1-+iFrQEVPSBdUUOD+ob0earOfy8A="
            }
          }
        },
        "turf-size": {
          "version": "1.1.1",
          "resolved": "https://registry.npmjs.org/turf-size/-/turf-size-1.1.1.tgz",
          "integrity": "sha1-VrIEcnm/adhycpv7wajFiL836fA="
        },
        "turf-square": {
          "version": "1.0.1",
          "resolved": "https://registry.npmjs.org/turf-square/-/turf-square-1.0.1.tgz",
          "integrity": "sha1-NHOrf0ybccPd0V8RPiO0WOUSjD4=",
          "requires": {
            "turf-distance": "1.0.1",
            "turf-midpoint": "1.0.1",
            "turf-point": "2.0.1"
          }
        },
        "turf-square-grid": {
          "version": "1.0.1",
          "resolved": "https://registry.npmjs.org/turf-square-grid/-/turf-square-grid-1.0.1.tgz",
          "integrity": "sha1-SB4X50DSrJxOGTe0y95VEzB2zek=",
          "requires": {
            "turf-distance": "1.0.1",
            "turf-featurecollection": "1.0.1",
            "turf-point": "2.0.1",
            "turf-polygon": "1.0.3"
          }
        },
        "turf-sum": {
          "version": "1.0.1",
          "resolved": "https://registry.npmjs.org/turf-sum/-/turf-sum-1.0.1.tgz",
          "integrity": "sha1-STag3Cq1jK7EeTN7ZB77YyQPx0Y=",
          "requires": {
            "turf-inside": "1.1.4"
          }
        },
        "turf-tag": {
          "version": "1.0.1",
          "resolved": "https://registry.npmjs.org/turf-tag/-/turf-tag-1.0.1.tgz",
          "integrity": "sha1-MYzfxyMRYrBpkjUju3sUPaUaYec=",
          "requires": {
            "turf-inside": "1.1.4"
          }
        },
        "turf-tin": {
          "version": "1.0.6",
          "resolved": "https://registry.npmjs.org/turf-tin/-/turf-tin-1.0.6.tgz",
          "integrity": "sha1-YzHxd1T0z7S/gxie6Ke/cLe1KCc=",
          "requires": {
            "turf-featurecollection": "1.0.1",
            "turf-polygon": "1.0.3"
          }
        },
        "turf-triangle-grid": {
          "version": "1.0.1",
          "resolved": "https://registry.npmjs.org/turf-triangle-grid/-/turf-triangle-grid-1.0.1.tgz",
          "integrity": "sha1-BhwyzDLNhkPzfdMGE6XmZtaWRbY=",
          "requires": {
            "benchmark": "1.0.0",
            "tape": "3.6.1",
            "turf-distance": "1.0.1",
            "turf-featurecollection": "1.0.1",
            "turf-point": "2.0.1",
            "turf-polygon": "1.0.3"
          },
          "dependencies": {
            "benchmark": {
              "version": "1.0.0",
              "resolved": "https://registry.npmjs.org/benchmark/-/benchmark-1.0.0.tgz",
              "integrity": "sha1-Lx4vpMNZ8REiqhgwgiGOlX45DHM="
            }
          }
        },
        "turf-union": {
          "version": "1.0.1",
          "resolved": "https://registry.npmjs.org/turf-union/-/turf-union-1.0.1.tgz",
          "integrity": "sha1-skrP+WXQ4iEXZymOVFGNP9tDpO4=",
          "requires": {
            "jsts": "0.15.0"
          },
          "dependencies": {
            "jsts": {
              "version": "0.15.0",
              "resolved": "https://registry.npmjs.org/jsts/-/jsts-0.15.0.tgz",
              "integrity": "sha1-5vHbbJ82Iw0AhrsmpNO+ilnqk2w=",
              "requires": {
                "javascript.util": "https://registry.npmjs.org/javascript.util/-/javascript.util-0.12.5.tgz"
              },
              "dependencies": {
                "javascript.util": {
                  "version": "https://registry.npmjs.org/javascript.util/-/javascript.util-0.12.5.tgz",
                  "integrity": "sha512-YPKbJJyf9bhetj+S0OSzNQP9OHAvdYinbokfJEQYsmDytIW1NcFnwRKIg880UpBynJugGoToC53yuX3QkaQsIA=="
                }
              }
            }
          }
        },
        "turf-variance": {
          "version": "1.0.1",
          "resolved": "https://registry.npmjs.org/turf-variance/-/turf-variance-1.0.1.tgz",
          "integrity": "sha1-yUatfGRSGjbTNlrq4X2AxFHfYv4=",
          "requires": {
            "simple-statistics": "0.9.1",
            "turf-inside": "1.1.4"
          },
          "dependencies": {
            "simple-statistics": {
              "version": "0.9.1",
              "resolved": "https://registry.npmjs.org/simple-statistics/-/simple-statistics-0.9.1.tgz",
              "integrity": "sha1-CUU7tbKF+TalnDETHoDYV0BFvgM="
            }
          }
        },
        "turf-within": {
          "version": "1.0.1",
          "resolved": "https://registry.npmjs.org/turf-within/-/turf-within-1.0.1.tgz",
          "integrity": "sha1-Hy08gSzEU82U30x5kukafHfN3tY=",
          "requires": {
            "turf-featurecollection": "1.0.1",
            "turf-inside": "1.1.4"
          }
        }
      }
    }
  }
}
